
Microsoft Visual Studio Solution File, Format Version 12.00
# Visual Studio Version 17
VisualStudioVersion = 17.13.35931.197 d17.13
MinimumVisualStudioVersion = 10.0.40219.1
Project("{FAE04EC0-301F-11D3-BF4B-00C04F79EFBC}") = "XOXoyunu", "XOXoyunu\XOXoyunu.csproj", "{61EE22AC-3B9E-4FCB-954F-75AABA92CFE4}"
EndProject
Global
	GlobalSection(SolutionConfigurationPlatforms) = preSolution
		Debug|Any CPU = Debug|Any CPU
		Release|Any CPU = Release|Any CPU
	EndGlobalSection
	GlobalSection(ProjectConfigurationPlatforms) = postSolution
		{61EE22AC-3B9E-4FCB-954F-75AABA92CFE4}.Debug|Any CPU.ActiveCfg = Debug|Any CPU
		{61EE22AC-3B9E-4FCB-954F-75AABA92CFE4}.Debug|Any CPU.Build.0 = Debug|Any CPU
		{61EE22AC-3B9E-4FCB-954F-75AABA92CFE4}.Release|Any CPU.ActiveCfg = Release|Any CPU
		{61EE22AC-3B9E-4FCB-954F-75AABA92CFE4}.Release|Any CPU.Build.0 = Release|Any CPU
	EndGlobalSection
	GlobalSection(SolutionProperties) = preSolution
		HideSolutionNode = FALSE
	EndGlobalSection
	GlobalSection(ExtensibilityGlobals) = postSolution
		SolutionGuid = {803D4A23-9B23-451B-86E3-331D293D7B42}
	EndGlobalSection
EndGlobal
